{
  "requires": true,
  "lockfileVersion": 1,
  "dependencies": {
    "vuelidate": {
      "version": "0.7.6",
      "resolved": "https://registry.npmjs.org/vuelidate/-/vuelidate-0.7.6.tgz",
      "integrity": "sha512-suzIuet1jGcyZ4oUSW8J27R2tNrJ9cIfklAh63EbAkFjE380iv97BAiIeolRYoB9bF9usBXCu4BxftWN1Dkn3g=="
    }
  }
}
